<?xml version="1.0" encoding="utf-8"?>
<Project ToolsVersion="4.0" xmlns="http://schemas.microsoft.com/developer/msbuild/2003">
  <ItemGroup>
    <Filter Include="Fichiers sources">
      <UniqueIdentifier>{4FC737F1-C7A5-4376-A066-2A32D752A2FF}</UniqueIdentifier>
      <Extensions>cpp;c;cc;cxx;def;odl;idl;hpj;bat;asm;asmx</Extensions>
    </Filter>
    <Filter Include="Fichiers d%27en-tête">
      <UniqueIdentifier>{93995380-89BD-4b04-88EB-625FBE52EBFB}</UniqueIdentifier>
      <Extensions>h;hh;hpp;hxx;hm;inl;inc;ipp;xsd</Extensions>
    </Filter>
    <Filter Include="Fichiers sources\Imgui">
      <UniqueIdentifier>{3a55693c-4c61-4b52-ab3f-ec9bcb85ba67}</UniqueIdentifier>
    </Filter>
    <Filter Include="Fichiers sources\ImGuizmo">
      <UniqueIdentifier>{398131f2-c4c0-44f7-aaea-51aa6cce3489}</UniqueIdentifier>
    </Filter>
  </ItemGroup>
  <ItemGroup>
    <ClInclude Include="..\code\tinyrender.h">
      <Filter>Fichiers d%27en-tête</Filter>
    </ClInclude>
  </ItemGroup>
  <ItemGroup>
    <ClCompile Include="..\code\main.cpp">
      <Filter>Fichiers sources</Filter>
    </ClCompile>
    <ClCompile Include="..\code\tinyrender.cpp">
      <Filter>Fichiers sources</Filter>
    </ClCompile>
    <ClCompile Include="..\dependency\imgui\imgui.cpp">
      <Filter>Fichiers sources\Imgui</Filter>
    </ClCompile>
    <ClCompile Include="..\dependency\imgui\imgui_demo.cpp">
      <Filter>Fichiers sources\Imgui</Filter>
    </ClCompile>
    <ClCompile Include="..\dependency\imgui\imgui_draw.cpp">
      <Filter>Fichiers sources\Imgui</Filter>
    </ClCompile>
    <ClCompile Include="..\dependency\imgui\imgui_tables.cpp">
      <Filter>Fichiers sources\Imgui</Filter>
    </ClCompile>
    <ClCompile Include="..\dependency\imgui\imgui_widgets.cpp">
      <Filter>Fichiers sources\Imgui</Filter>
    </ClCompile>
    <ClCompile Include="..\dependency\imgui\backends\imgui_impl_glfw.cpp">
      <Filter>Fichiers sources\Imgui</Filter>
    </ClCompile>
    <ClCompile Include="..\dependency\imgui\backends\imgui_impl_opengl3.cpp">
      <Filter>Fichiers sources\Imgui</Filter>
    </ClCompile>
    <ClCompile Include="..\dependency\imguizmo\ImGuizmo.cpp">
      <Filter>Fichiers sources\ImGuizmo</Filter>
    </ClCompile>
  </ItemGroup>
</Project>